
Microsoft Visual Studio Solution File, Format Version 12.00
<<<<<<< HEAD
Project("{FAE04EC0-301F-11D3-BF4B-00C04F79EFBC}") = "DefenceGame_lol", "DefenceGame_lol\DefenceGame_lol.csproj", "{1E14FF93-F463-4359-8701-D5B11B686F60}"
=======
EndProject
Global
	GlobalSection(SolutionConfigurationPlatforms) = preSolution
		Debug|Any CPU = Debug|Any CPU
		Release|Any CPU = Release|Any CPU
	EndGlobalSection
	GlobalSection(ProjectConfigurationPlatforms) = postSolution
	EndGlobalSection
EndGlobal
